
Microsoft Visual Studio Solution File, Format Version 12.00
# Visual Studio Version 16
VisualStudioVersion = 16.0.29613.14
MinimumVisualStudioVersion = 10.0.40219.1
Project("{FAE04EC0-301F-11D3-BF4B-00C04F79EFBC}") = "TrackerLibary", "TrackerLibary\TrackerLibary.csproj", "{5278C94C-5B03-4CCD-8B7F-CC8F5868733D}"
EndProject
Project("{FAE04EC0-301F-11D3-BF4B-00C04F79EFBC}") = "TrackerUI", "TrackerUI\TrackerUI.csproj", "{4D771562-DF27-4669-B755-7F068CA409FC}"
EndProject
Global
	GlobalSection(SolutionConfigurationPlatforms) = preSolution
		Debug|Any CPU = Debug|Any CPU
		Release|Any CPU = Release|Any CPU
	EndGlobalSection
	GlobalSection(ProjectConfigurationPlatforms) = postSolution
		{5278C94C-5B03-4CCD-8B7F-CC8F5868733D}.Debug|Any CPU.ActiveCfg = Debug|Any CPU
		{5278C94C-5B03-4CCD-8B7F-CC8F5868733D}.Debug|Any CPU.Build.0 = Debug|Any CPU
		{5278C94C-5B03-4CCD-8B7F-CC8F5868733D}.Release|Any CPU.ActiveCfg = Release|Any CPU
		{5278C94C-5B03-4CCD-8B7F-CC8F5868733D}.Release|Any CPU.Build.0 = Release|Any CPU
		{4D771562-DF27-4669-B755-7F068CA409FC}.Debug|Any CPU.ActiveCfg = Debug|Any CPU
		{4D771562-DF27-4669-B755-7F068CA409FC}.Debug|Any CPU.Build.0 = Debug|Any CPU
		{4D771562-DF27-4669-B755-7F068CA409FC}.Release|Any CPU.ActiveCfg = Release|Any CPU
		{4D771562-DF27-4669-B755-7F068CA409FC}.Release|Any CPU.Build.0 = Release|Any CPU
	EndGlobalSection
	GlobalSection(SolutionProperties) = preSolution
		HideSolutionNode = FALSE
	EndGlobalSection
	GlobalSection(ExtensibilityGlobals) = postSolution
		SolutionGuid = {8F0B0BAA-C7E1-4381-A214-57D9D8E8D3EA}
	EndGlobalSection
EndGlobal
